
Microsoft Visual Studio Solution File, Format Version 12.00
# Visual Studio Version 16
VisualStudioVersion = 16.0.29613.14
MinimumVisualStudioVersion = 10.0.40219.1
Project("{FAE04EC0-301F-11D3-BF4B-00C04F79EFBC}") = "SMClassLibraryFramework", "SMClassLibraryFramework\SMClassLibraryFramework.csproj", "{6CEF3B70-A347-4114-BFBB-4309D408AB3E}"
EndProject
Global
	GlobalSection(SolutionConfigurationPlatforms) = preSolution
		Debug|Any CPU = Debug|Any CPU
		Release|Any CPU = Release|Any CPU
	EndGlobalSection
	GlobalSection(ProjectConfigurationPlatforms) = postSolution
		{6CEF3B70-A347-4114-BFBB-4309D408AB3E}.Debug|Any CPU.ActiveCfg = Debug|Any CPU
		{6CEF3B70-A347-4114-BFBB-4309D408AB3E}.Debug|Any CPU.Build.0 = Debug|Any CPU
		{6CEF3B70-A347-4114-BFBB-4309D408AB3E}.Release|Any CPU.ActiveCfg = Release|Any CPU
		{6CEF3B70-A347-4114-BFBB-4309D408AB3E}.Release|Any CPU.Build.0 = Release|Any CPU
	EndGlobalSection
	GlobalSection(SolutionProperties) = preSolution
		HideSolutionNode = FALSE
	EndGlobalSection
	GlobalSection(ExtensibilityGlobals) = postSolution
		SolutionGuid = {7B4CC181-0137-4CA4-B8CC-238428BF0B2B}
	EndGlobalSection
EndGlobal
